// !$*UTF8*$!
{
	archiveVersion = 1;
	classes = {
	};
	objectVersion = 46;
	objects = {

/* Begin PBXBuildFile section */
		C08A48191E79F86E0059074F /* AppDelegate.swift in Sources */ = {isa = PBXBuildFile; fileRef = C08A48181E79F86E0059074F /* AppDelegate.swift */; };
		C08A481B1E79F86E0059074F /* ViewController.swift in Sources */ = {isa = PBXBuildFile; fileRef = C08A481A1E79F86E0059074F /* ViewController.swift */; };
		C08A481E1E79F86E0059074F /* Main.storyboard in Resources */ = {isa = PBXBuildFile; fileRef = C08A481C1E79F86E0059074F /* Main.storyboard */; };
		C08A48201E79F86E0059074F /* Assets.xcassets in Resources */ = {isa = PBXBuildFile; fileRef = C08A481F1E79F86E0059074F /* Assets.xcassets */; };
		C08A48231E79F86E0059074F /* LaunchScreen.storyboard in Resources */ = {isa = PBXBuildFile; fileRef = C08A48211E79F86E0059074F /* LaunchScreen.storyboard */; };
		C08A482E1E79F86E0059074F /* FoodTrackerTests.swift in Sources */ = {isa = PBXBuildFile; fileRef = C08A482D1E79F86E0059074F /* FoodTrackerTests.swift */; };
/* End PBXBuildFile section */

/* Begin PBXContainerItemProxy section */
		C08A482A1E79F86E0059074F /* PBXContainerItemProxy */ = {
			isa = PBXContainerItemProxy;
			containerPortal = C08A480D1E79F86E0059074F /* Project object */;
			proxyType = 1;
			remoteGlobalIDString = C08A48141E79F86E0059074F;
			remoteInfo = FoodTracker;
		};
/* End PBXContainerItemProxy section */

/* Begin PBXFileReference section */
		C08A48151E79F86E0059074F /* FoodTracker.app */ = {isa = PBXFileReference; explicitFileType = wrapper.application; includeInIndex = 0; path = FoodTracker.app; sourceTree = BUILT_PRODUCTS_DIR; };
		C08A48181E79F86E0059074F /* AppDelegate.swift */ = {isa = PBXFileReference; lastKnownFileType = sourcecode.swift; path = AppDelegate.swift; sourceTree = "<group>"; };
		C08A481A1E79F86E0059074F /* ViewController.swift */ = {isa = PBXFileReference; lastKnownFileType = sourcecode.swift; path = ViewController.swift; sourceTree = "<group>"; };
		C08A481D1E79F86E0059074F /* Base */ = {isa = PBXFileReference; lastKnownFileType = file.storyboard; name = Base; path = Base.lproj/Main.storyboard; sourceTree = "<group>"; };
		C08A481F1E79F86E0059074F /* Assets.xcassets */ = {isa = PBXFileReference; lastKnownFileType = folder.assetcatalog; path = Assets.xcassets; sourceTree = "<group>"; };
		C08A48221E79F86E0059074F /* Base */ = {isa = PBXFileReference; lastKnownFileType = file.storyboard; name = Base; path = Base.lproj/LaunchScreen.storyboard; sourceTree = "<group>"; };
		C08A48241E79F86E0059074F /* Info.plist */ = {isa = PBXFileReference; lastKnownFileType = text.plist.xml; path = Info.plist; sourceTree = "<group>"; };
		C08A48291E79F86E0059074F /* FoodTrackerTests.xctest */ = {isa = PBXFileReference; explicitFileType = wrapper.cfbundle; includeInIndex = 0; path = FoodTrackerTests.xctest; sourceTree = BUILT_PRODUCTS_DIR; };
		C08A482D1E79F86E0059074F /* FoodTrackerTests.swift */ = {isa = PBXFileReference; lastKnownFileType = sourcecode.swift; path = FoodTrackerTests.swift; sourceTree = "<group>"; };
		C08A482F1E79F86E0059074F /* Info.plist */ = {isa = PBXFileReference; lastKnownFileType = text.plist.xml; path = Info.plist; sourceTree = "<group>"; };
/* End PBXFileReference section */

/* Begin PBXFrameworksBuildPhase section */
		C08A48121E79F86E0059074F /* Frameworks */ = {
			isa = PBXFrameworksBuildPhase;
			buildActionMask = 2147483647;
			files = (
			);
			runOnlyForDeploymentPostprocessing = 0;
		};
		C08A48261E79F86E0059074F /* Frameworks */ = {
			isa = PBXFrameworksBuildPhase;
			buildActionMask = 2147483647;
			files = (
			);
			runOnlyForDeploymentPostprocessing = 0;
		};
/* End PBXFrameworksBuildPhase section */

/* Begin PBXGroup section */
		C08A480C1E79F86E0059074F = {
			isa = PBXGroup;
			children = (
				C08A48171E79F86E0059074F /* FoodTracker */,
				C08A482C1E79F86E0059074F /* FoodTrackerTests */,
				C08A48161E79F86E0059074F /* Products */,
			);
			sourceTree = "<group>";
		};
		C08A48161E79F86E0059074F /* Products */ = {
			isa = PBXGroup;
			children = (
				C08A48151E79F86E0059074F /* FoodTracker.app */,
				C08A48291E79F86E0059074F /* FoodTrackerTests.xctest */,
			);
			name = Products;
			sourceTree = "<group>";
		};
		C08A48171E79F86E0059074F /* FoodTracker */ = {
			isa = PBXGroup;
			children = (
				C08A48181E79F86E0059074F /* AppDelegate.swift */,
				C08A481A1E79F86E0059074F /* ViewController.swift */,
				C08A481C1E79F86E0059074F /* Main.storyboard */,
				C08A481F1E79F86E0059074F /* Assets.xcassets */,
				C08A48211E79F86E0059074F /* LaunchScreen.storyboard */,
				C08A48241E79F86E0059074F /* Info.plist */,
			);
			path = FoodTracker;
			sourceTree = "<group>";
		};
		C08A482C1E79F86E0059074F /* FoodTrackerTests */ = {
			isa = PBXGroup;
			children = (
				C08A482D1E79F86E0059074F /* FoodTrackerTests.swift */,
				C08A482F1E79F86E0059074F /* Info.plist */,
			);
			path = FoodTrackerTests;
			sourceTree = "<group>";
		};
/* End PBXGroup section */

/* Begin PBXNativeTarget section */
		C08A48141E79F86E0059074F /* FoodTracker */ = {
			isa = PBXNativeTarget;
			buildConfigurationList = C08A48321E79F86E0059074F /* Build configuration list for PBXNativeTarget "FoodTracker" */;
			buildPhases = (
				C08A48111E79F86E0059074F /* Sources */,
				C08A48121E79F86E0059074F /* Frameworks */,
				C08A48131E79F86E0059074F /* Resources */,
			);
			buildRules = (
			);
			dependencies = (
			);
			name = FoodTracker;
			productName = FoodTracker;
			productReference = C08A48151E79F86E0059074F /* FoodTracker.app */;
			productType = "com.apple.product-type.application";
		};
		C08A48281E79F86E0059074F /* FoodTrackerTests */ = {
			isa = PBXNativeTarget;
			buildConfigurationList = C08A48351E79F86E0059074F /* Build configuration list for PBXNativeTarget "FoodTrackerTests" */;
			buildPhases = (
				C08A48251E79F86E0059074F /* Sources */,
				C08A48261E79F86E0059074F /* Frameworks */,
				C08A48271E79F86E0059074F /* Resources */,
			);
			buildRules = (
			);
			dependencies = (
				C08A482B1E79F86E0059074F /* PBXTargetDependency */,
			);
			name = FoodTrackerTests;
			productName = FoodTrackerTests;
			productReference = C08A48291E79F86E0059074F /* FoodTrackerTests.xctest */;
			productType = "com.apple.product-type.bundle.unit-test";
		};
/* End PBXNativeTarget section */

/* Begin PBXProject section */
		C08A480D1E79F86E0059074F /* Project object */ = {
			isa = PBXProject;
			attributes = {
				LastSwiftUpdateCheck = 0820;
				LastUpgradeCheck = 0820;
				ORGANIZATIONNAME = "vivek bhandari";
				TargetAttributes = {
					C08A48141E79F86E0059074F = {
						CreatedOnToolsVersion = 8.2.1;
						ProvisioningStyle = Automatic;
					};
					C08A48281E79F86E0059074F = {
						CreatedOnToolsVersion = 8.2.1;
						ProvisioningStyle = Automatic;
						TestTargetID = C08A48141E79F86E0059074F;
					};
				};
			};
			buildConfigurationList = C08A48101E79F86E0059074F /* Build configuration list for PBXProject "FoodTracker" */;
			compatibilityVersion = "Xcode 3.2";
			developmentRegion = English;
			hasScannedForEncodings = 0;
			knownRegions = (
				en,
				Base,
			);
			mainGroup = C08A480C1E79F86E0059074F;
			productRefGroup = C08A48161E79F86E0059074F /* Products */;
			projectDirPath = "";
			projectRoot = "";
			targets = (
				C08A48141E79F86E0059074F /* FoodTracker */,
				C08A48281E79F86E0059074F /* FoodTrackerTests */,
			);
		};
/* End PBXProject section */

/* Begin PBXResourcesBuildPhase section */
		C08A48131E79F86E0059074F /* Resources */ = {
			isa = PBXResourcesBuildPhase;
			buildActionMask = 2147483647;
			files = (
				C08A48231E79F86E0059074F /* LaunchScreen.storyboard in Resources */,
				C08A48201E79F86E0059074F /* Assets.xcassets in Resources */,
				C08A481E1E79F86E0059074F /* Main.storyboard in Resources */,
			);
			runOnlyForDeploymentPostprocessing = 0;
		};
		C08A48271E79F86E0059074F /* Resources */ = {
			isa = PBXResourcesBuildPhase;
			buildActionMask = 2147483647;
			files = (
			);
			runOnlyForDeploymentPostprocessing = 0;
		};
/* End PBXResourcesBuildPhase section */

/* Begin PBXSourcesBuildPhase section */
		C08A48111E79F86E0059074F /* Sources */ = {
			isa = PBXSourcesBuildPhase;
			buildActionMask = 2147483647;
			files = (
				C08A481B1E79F86E0059074F /* ViewController.swift in Sources */,
				C08A48191E79F86E0059074F /* AppDelegate.swift in Sources */,
			);
			runOnlyForDeploymentPostprocessing = 0;
		};
		C08A48251E79F86E0059074F /* Sources */ = {
			isa = PBXSourcesBuildPhase;
			buildActionMask = 2147483647;
			files = (
				C08A482E1E79F86E0059074F /* FoodTrackerTests.swift in Sources */,
			);
			runOnlyForDeploymentPostprocessing = 0;
		};
/* End PBXSourcesBuildPhase section */

/* Begin PBXTargetDependency section */
		C08A482B1E79F86E0059074F /* PBXTargetDependency */ = {
			isa = PBXTargetDependency;
			target = C08A48141E79F86E0059074F /* FoodTracker */;
			targetProxy = C08A482A1E79F86E0059074F /* PBXContainerItemProxy */;
		};
/* End PBXTargetDependency section */

/* Begin PBXVariantGroup section */
		C08A481C1E79F86E0059074F /* Main.storyboard */ = {
			isa = PBXVariantGroup;
			children = (
				C08A481D1E79F86E0059074F /* Base */,
			);
			name = Main.storyboard;
			sourceTree = "<group>";
		};
		C08A48211E79F86E0059074F /* LaunchScreen.storyboard */ = {
			isa = PBXVariantGroup;
			children = (
				C08A48221E79F86E0059074F /* Base */,
			);
			name = LaunchScreen.storyboard;
			sourceTree = "<group>";
		};
/* End PBXVariantGroup section */

/* Begin XCBuildConfiguration section */
		C08A48301E79F86E0059074F /* Debug */ = {
			isa = XCBuildConfiguration;
			buildSettings = {
				ALWAYS_SEARCH_USER_PATHS = NO;
				CLANG_ANALYZER_NONNULL = YES;
				CLANG_CXX_LANGUAGE_STANDARD = "gnu++0x";
				CLANG_CXX_LIBRARY = "libc++";
				CLANG_ENABLE_MODULES = YES;
				CLANG_ENABLE_OBJC_ARC = YES;
				CLANG_WARN_BOOL_CONVERSION = YES;
				CLANG_WARN_CONSTANT_CONVERSION = YES;
				CLANG_WARN_DIRECT_OBJC_ISA_USAGE = YES_ERROR;
				CLANG_WARN_DOCUMENTATION_COMMENTS = YES;
				CLANG_WARN_EMPTY_BODY = YES;
				CLANG_WARN_ENUM_CONVERSION = YES;
				CLANG_WARN_INFINITE_RECURSION = YES;
				CLANG_WARN_INT_CONVERSION = YES;
				CLANG_WARN_OBJC_ROOT_CLASS = YES_ERROR;
				CLANG_WARN_SUSPICIOUS_MOVE = YES;
				CLANG_WARN_UNREACHABLE_CODE = YES;
				CLANG_WARN__DUPLICATE_METHOD_MATCH = YES;
				"CODE_SIGN_IDENTITY[sdk=iphoneos*]" = "iPhone Developer";
				COPY_PHASE_STRIP = NO;
				DEBUG_INFORMATION_FORMAT = dwarf;
				ENABLE_STRICT_OBJC_MSGSEND = YES;
				ENABLE_TESTABILITY = YES;
				GCC_C_LANGUAGE_STANDARD = gnu99;
				GCC_DYNAMIC_NO_PIC = NO;
				GCC_NO_COMMON_BLOCKS = YES;
				GCC_OPTIMIZATION_LEVEL = 0;
				GCC_PREPROCESSOR_DEFINITIONS = (
					"DEBUG=1",
					"$(inherited)",
				);
				GCC_WARN_64_TO_32_BIT_CONVERSION = YES;
				GCC_WARN_ABOUT_RETURN_TYPE = YES_ERROR;
				GCC_WARN_UNDECLARED_SELECTOR = YES;
				GCC_WARN_UNINITIALIZED_AUTOS = YES_AGGRESSIVE;
				GCC_WARN_UNUSED_FUNCTION = YES;
				GCC_WARN_UNUSED_VARIABLE = YES;
				IPHONEOS_DEPLOYMENT_TARGET = 10.2;
				MTL_ENABLE_DEBUG_INFO = YES;
				ONLY_ACTIVE_ARCH = YES;
				SDKROOT = iphoneos;
				SWIFT_ACTIVE_COMPILATION_CONDITIONS = DEBUG;
				SWIFT_OPTIMIZATION_LEVEL = "-Onone";
				TARGETED_DEVICE_FAMILY = "1,2";
			};
			name = Debug;
		};
		C08A48311E79F86E0059074F /* Release */ = {
			isa = XCBuildConfiguration;
			buildSettings = {
				ALWAYS_SEARCH_USER_PATHS = NO;
				CLANG_ANALYZER_NONNULL = YES;
				CLANG_CXX_LANGUAGE_STANDARD = "gnu++0x";
				CLANG_CXX_LIBRARY = "libc++";
				CLANG_ENABLE_MODULES = YES;
				CLANG_ENABLE_OBJC_ARC = YES;
				CLANG_WARN_BOOL_CONVERSION = YES;
				CLANG_WARN_CONSTANT_CONVERSION = YES;
				CLANG_WARN_DIRECT_OBJC_ISA_USAGE = YES_ERROR;
				CLANG_WARN_DOCUMENTATION_COMMENTS = YES;
				CLANG_WARN_EMPTY_BODY = YES;
				CLANG_WARN_ENUM_CONVERSION = YES;
				CLANG_WARN_INFINITE_RECURSION = YES;
				CLANG_WARN_INT_CONVERSION = YES;
				CLANG_WARN_OBJC_ROOT_CLASS = YES_ERROR;
				CLANG_WARN_SUSPICIOUS_MOVE = YES;
				CLANG_WARN_UNREACHABLE_CODE = YES;
				CLANG_WARN__DUPLICATE_METHOD_MATCH = YES;
				"CODE_SIGN_IDENTITY[sdk=iphoneos*]" = "iPhone Developer";
				COPY_PHASE_STRIP = NO;
				DEBUG_INFORMATION_FORMAT = "dwarf-with-dsym";
				ENABLE_NS_ASSERTIONS = NO;
				ENABLE_STRICT_OBJC_MSGSEND = YES;
				GCC_C_LANGUAGE_STANDARD = gnu99;
				GCC_NO_COMMON_BLOCKS = YES;
				GCC_WARN_64_TO_32_BIT_CONVERSION = YES;
				GCC_WARN_ABOUT_RETURN_TYPE = YES_ERROR;
				GCC_WARN_UNDECLARED_SELECTOR = YES;
				GCC_WARN_UNINITIALIZED_AUTOS = YES_AGGRESSIVE;
				GCC_WARN_UNUSED_FUNCTION = YES;
				GCC_WARN_UNUSED_VARIABLE = YES;
				IPHONEOS_DEPLOYMENT_TARGET = 10.2;
				MTL_ENABLE_DEBUG_INFO = NO;
				SDKROOT = iphoneos;
				SWIFT_OPTIMIZATION_LEVEL = "-Owholemodule";
				TARGETED_DEVICE_FAMILY = "1,2";
				VALIDATE_PRODUCT = YES;
			};
			name = Release;
		};
		C08A48331E79F86E0059074F /* Debug */ = {
			isa = XCBuildConfiguration;
			buildSettings = {
				ASSETCATALOG_COMPILER_APPICON_NAME = AppIcon;
				INFOPLIST_FILE = FoodTracker/Info.plist;
				LD_RUNPATH_SEARCH_PATHS = "$(inherited) @executable_path/Frameworks";
				PRODUCT_BUNDLE_IDENTIFIER = com.example.FoodTracker;
				PRODUCT_NAME = "$(TARGET_NAME)";
				SWIFT_VERSION = 3.0;
			};
			name = Debug;
		};
		C08A48341E79F86E0059074F /* Release */ = {
			isa = XCBuildConfiguration;
			buildSettings = {
				ASSETCATALOG_COMPILER_APPICON_NAME = AppIcon;
				INFOPLIST_FILE = FoodTracker/Info.plist;
				LD_RUNPATH_SEARCH_PATHS = "$(inherited) @executable_path/Frameworks";
				PRODUCT_BUNDLE_IDENTIFIER = com.example.FoodTracker;
				PRODUCT_NAME = "$(TARGET_NAME)";
				SWIFT_VERSION = 3.0;
			};
			name = Release;
		};
		C08A48361E79F86E0059074F /* Debug */ = {
			isa = XCBuildConfiguration;
			buildSettings = {
				ALWAYS_EMBED_SWIFT_STANDARD_LIBRARIES = YES;
				BUNDLE_LOADER = "$(TEST_HOST)";
				INFOPLIST_FILE = FoodTrackerTests/Info.plist;
				LD_RUNPATH_SEARCH_PATHS = "$(inherited) @executable_path/Frameworks @loader_path/Frameworks";
				PRODUCT_BUNDLE_IDENTIFIER = com.example.FoodTrackerTests;
				PRODUCT_NAME = "$(TARGET_NAME)";
				SWIFT_VERSION = 3.0;
				TEST_HOST = "$(BUILT_PRODUCTS_DIR)/FoodTracker.app/FoodTracker";
			};
			name = Debug;
		};
		C08A48371E79F86E0059074F /* Release */ = {
			isa = XCBuildConfiguration;
			buildSettings = {
				ALWAYS_EMBED_SWIFT_STANDARD_LIBRARIES = YES;
				BUNDLE_LOADER = "$(TEST_HOST)";
				INFOPLIST_FILE = FoodTrackerTests/Info.plist;
				LD_RUNPATH_SEARCH_PATHS = "$(inherited) @executable_path/Frameworks @loader_path/Frameworks";
				PRODUCT_BUNDLE_IDENTIFIER = com.example.FoodTrackerTests;
				PRODUCT_NAME = "$(TARGET_NAME)";
				SWIFT_VERSION = 3.0;
				TEST_HOST = "$(BUILT_PRODUCTS_DIR)/FoodTracker.app/FoodTracker";
			};
			name = Release;
		};
/* End XCBuildConfiguration section */

/* Begin XCConfigurationList section */
		C08A48101E79F86E0059074F /* Build configuration list for PBXProject "FoodTracker" */ = {
			isa = XCConfigurationList;
			buildConfigurations = (
				C08A48301E79F86E0059074F /* Debug */,
				C08A48311E79F86E0059074F /* Release */,
			);
			defaultConfigurationIsVisible = 0;
			defaultConfigurationName = Release;
		};
		C08A48321E79F86E0059074F /* Build configuration list for PBXNativeTarget "FoodTracker" */ = {
			isa = XCConfigurationList;
			buildConfigurations = (
				C08A48331E79F86E0059074F /* Debug */,
				C08A48341E79F86E0059074F /* Release */,
			);
			defaultConfigurationIsVisible = 0;
		};
		C08A48351E79F86E0059074F /* Build configuration list for PBXNativeTarget "FoodTrackerTests" */ = {
			isa = XCConfigurationList;
			buildConfigurations = (
				C08A48361E79F86E0059074F /* Debug */,
				C08A48371E79F86E0059074F /* Release */,
			);
			defaultConfigurationIsVisible = 0;
		};
/* End XCConfigurationList section */
	};
	rootObject = C08A480D1E79F86E0059074F /* Project object */;
}
